// !$*UTF8*$!
{
	archiveVersion = 1;
	classes = {
	};
	objectVersion = 50;
	objects = {

/* Begin PBXBuildFile section */
		AE9BD4C5114BDB2D2E055214 /* libPods-RSSViewer.a in Frameworks */ = {isa = PBXBuildFile; fileRef = AA1D708DC460F0BB6040C30B /* libPods-RSSViewer.a */; };
		E911EF4821D0C541008A7F8F /* RssSourcesService.m in Sources */ = {isa = PBXBuildFile; fileRef = E911EF4721D0C541008A7F8F /* RssSourcesService.m */; };
		E911EF4B21D0C76F008A7F8F /* RssSource+FetchRequests.m in Sources */ = {isa = PBXBuildFile; fileRef = E911EF4A21D0C76F008A7F8F /* RssSource+FetchRequests.m */; };
		E911EF5021D0EE0D008A7F8F /* NSString+Hash.m in Sources */ = {isa = PBXBuildFile; fileRef = E911EF4F21D0EE0D008A7F8F /* NSString+Hash.m */; };
		E911EF5321D0FE99008A7F8F /* RssSourceUpdaterService.m in Sources */ = {isa = PBXBuildFile; fileRef = E911EF5221D0FE99008A7F8F /* RssSourceUpdaterService.m */; };
		E911EF5C21D1010D008A7F8F /* RssItemModel.m in Sources */ = {isa = PBXBuildFile; fileRef = E911EF5B21D1010D008A7F8F /* RssItemModel.m */; };
		E911EF6121D10233008A7F8F /* RssItem+FetchRequests.m in Sources */ = {isa = PBXBuildFile; fileRef = E911EF6021D10233008A7F8F /* RssItem+FetchRequests.m */; };
		E911EF6C21D103B6008A7F8F /* RssItemsListPresenter.m in Sources */ = {isa = PBXBuildFile; fileRef = E911EF6221D103B6008A7F8F /* RssItemsListPresenter.m */; };
		E911EF6D21D103B6008A7F8F /* RssItemsListRouter.m in Sources */ = {isa = PBXBuildFile; fileRef = E911EF6521D103B6008A7F8F /* RssItemsListRouter.m */; };
		E911EF6E21D103B6008A7F8F /* RssItemsListViewController.m in Sources */ = {isa = PBXBuildFile; fileRef = E911EF6721D103B6008A7F8F /* RssItemsListViewController.m */; };
		E911EF6F21D103B6008A7F8F /* RssItemsListInteractor.m in Sources */ = {isa = PBXBuildFile; fileRef = E911EF6821D103B6008A7F8F /* RssItemsListInteractor.m */; };
		E911EF7A21D1077E008A7F8F /* RssItemTableViewCell.m in Sources */ = {isa = PBXBuildFile; fileRef = E911EF7921D1077E008A7F8F /* RssItemTableViewCell.m */; };
		E97495CC21D24729006AF561 /* RssItem+CoreDataProperties.m in Sources */ = {isa = PBXBuildFile; fileRef = E97495C821D24727006AF561 /* RssItem+CoreDataProperties.m */; };
		E97495CD21D24729006AF561 /* RssItem+CoreDataClass.m in Sources */ = {isa = PBXBuildFile; fileRef = E97495CA21D24728006AF561 /* RssItem+CoreDataClass.m */; };
		E9CC69BC21CC83E100BC205A /* AppDelegate.m in Sources */ = {isa = PBXBuildFile; fileRef = E9CC69BB21CC83E100BC205A /* AppDelegate.m */; };
		E9CC69C221CC83E100BC205A /* Main.storyboard in Resources */ = {isa = PBXBuildFile; fileRef = E9CC69C021CC83E100BC205A /* Main.storyboard */; };
		E9CC69C521CC83E100BC205A /* RSSViewer.xcdatamodeld in Sources */ = {isa = PBXBuildFile; fileRef = E9CC69C321CC83E100BC205A /* RSSViewer.xcdatamodeld */; };
		E9CC69C721CC83E300BC205A /* Assets.xcassets in Resources */ = {isa = PBXBuildFile; fileRef = E9CC69C621CC83E300BC205A /* Assets.xcassets */; };
		E9CC69CA21CC83E300BC205A /* LaunchScreen.storyboard in Resources */ = {isa = PBXBuildFile; fileRef = E9CC69C821CC83E300BC205A /* LaunchScreen.storyboard */; };
		E9CC69CD21CC83E300BC205A /* main.m in Sources */ = {isa = PBXBuildFile; fileRef = E9CC69CC21CC83E300BC205A /* main.m */; };
		E9CC69DF21CC85A400BC205A /* FeedsListPresenter.m in Sources */ = {isa = PBXBuildFile; fileRef = E9CC69D521CC85A400BC205A /* FeedsListPresenter.m */; };
		E9CC69E021CC85A400BC205A /* FeedsListRouter.m in Sources */ = {isa = PBXBuildFile; fileRef = E9CC69D821CC85A400BC205A /* FeedsListRouter.m */; };
		E9CC69E121CC85A400BC205A /* FeedsListViewController.m in Sources */ = {isa = PBXBuildFile; fileRef = E9CC69DA21CC85A400BC205A /* FeedsListViewController.m */; };
		E9CC69E221CC85A400BC205A /* FeedsListInteractor.m in Sources */ = {isa = PBXBuildFile; fileRef = E9CC69DB21CC85A400BC205A /* FeedsListInteractor.m */; };
		E9CC69ED21CC893D00BC205A /* CoreDataManager.m in Sources */ = {isa = PBXBuildFile; fileRef = E9CC69EC21CC893D00BC205A /* CoreDataManager.m */; };
		E9CC69FF21CC928C00BC205A /* RssSource+CoreDataClass.m in Sources */ = {isa = PBXBuildFile; fileRef = E9CC69FB21CC928B00BC205A /* RssSource+CoreDataClass.m */; };
		E9CC6A0021CC928C00BC205A /* RssSource+CoreDataProperties.m in Sources */ = {isa = PBXBuildFile; fileRef = E9CC69FC21CC928B00BC205A /* RssSource+CoreDataProperties.m */; };
		E9CC6A0421CC947A00BC205A /* FeedListTableViewCell.m in Sources */ = {isa = PBXBuildFile; fileRef = E9CC6A0321CC947A00BC205A /* FeedListTableViewCell.m */; };
		E9CC6A0A21CCA21900BC205A /* CacheRequest.m in Sources */ = {isa = PBXBuildFile; fileRef = E9CC6A0921CCA21900BC205A /* CacheRequest.m */; };
		E9CC6A0D21CCA24700BC205A /* CacheTransaction.m in Sources */ = {isa = PBXBuildFile; fileRef = E9CC6A0C21CCA24700BC205A /* CacheTransaction.m */; };
		E9CC6A1021CCA26400BC205A /* CacheTransactionBatch.m in Sources */ = {isa = PBXBuildFile; fileRef = E9CC6A0F21CCA26400BC205A /* CacheTransactionBatch.m */; };
		E9CC6A1321CCA8CD00BC205A /* CacheTracker.m in Sources */ = {isa = PBXBuildFile; fileRef = E9CC6A1221CCA8CD00BC205A /* CacheTracker.m */; };
		E9CC6A1721CE7B4C00BC205A /* RssSourceModel.m in Sources */ = {isa = PBXBuildFile; fileRef = E9CC6A1621CE7B4C00BC205A /* RssSourceModel.m */; };
		E9CC6A1A21CE7BCB00BC205A /* PlainModelsFactory.m in Sources */ = {isa = PBXBuildFile; fileRef = E9CC6A1921CE7BCB00BC205A /* PlainModelsFactory.m */; };
		E9CC6A3F21D0693B00BC205A /* RssSourceEditPresenter.m in Sources */ = {isa = PBXBuildFile; fileRef = E9CC6A3521D0693B00BC205A /* RssSourceEditPresenter.m */; };
		E9CC6A4021D0693B00BC205A /* RssSourceEditRouter.m in Sources */ = {isa = PBXBuildFile; fileRef = E9CC6A3821D0693B00BC205A /* RssSourceEditRouter.m */; };
		E9CC6A4121D0693B00BC205A /* RssSourceEditViewController.m in Sources */ = {isa = PBXBuildFile; fileRef = E9CC6A3A21D0693B00BC205A /* RssSourceEditViewController.m */; };
		E9CC6A4221D0693B00BC205A /* RssSourceEditInteractor.m in Sources */ = {isa = PBXBuildFile; fileRef = E9CC6A3B21D0693B00BC205A /* RssSourceEditInteractor.m */; };
		E9CC6A4C21D06F8700BC205A /* TextInputView.m in Sources */ = {isa = PBXBuildFile; fileRef = E9CC6A4B21D06F8700BC205A /* TextInputView.m */; };
/* End PBXBuildFile section */

/* Begin PBXFileReference section */
		17F67B5256AC4B5008B57C1A /* Pods-RSSViewer.release.xcconfig */ = {isa = PBXFileReference; includeInIndex = 1; lastKnownFileType = text.xcconfig; name = "Pods-RSSViewer.release.xcconfig"; path = "Pods/Target Support Files/Pods-RSSViewer/Pods-RSSViewer.release.xcconfig"; sourceTree = "<group>"; };
		A1253D1B1B12EA300FDDEE24 /* Pods-RSSViewer.debug.xcconfig */ = {isa = PBXFileReference; includeInIndex = 1; lastKnownFileType = text.xcconfig; name = "Pods-RSSViewer.debug.xcconfig"; path = "Pods/Target Support Files/Pods-RSSViewer/Pods-RSSViewer.debug.xcconfig"; sourceTree = "<group>"; };
		AA1D708DC460F0BB6040C30B /* libPods-RSSViewer.a */ = {isa = PBXFileReference; explicitFileType = archive.ar; includeInIndex = 0; path = "libPods-RSSViewer.a"; sourceTree = BUILT_PRODUCTS_DIR; };
		E911EF4621D0C541008A7F8F /* RssSourcesService.h */ = {isa = PBXFileReference; lastKnownFileType = sourcecode.c.h; path = RssSourcesService.h; sourceTree = "<group>"; };
		E911EF4721D0C541008A7F8F /* RssSourcesService.m */ = {isa = PBXFileReference; lastKnownFileType = sourcecode.c.objc; path = RssSourcesService.m; sourceTree = "<group>"; };
		E911EF4921D0C759008A7F8F /* RssSource+FetchRequests.h */ = {isa = PBXFileReference; lastKnownFileType = sourcecode.c.h; path = "RssSource+FetchRequests.h"; sourceTree = "<group>"; };
		E911EF4A21D0C76F008A7F8F /* RssSource+FetchRequests.m */ = {isa = PBXFileReference; lastKnownFileType = sourcecode.c.objc; path = "RssSource+FetchRequests.m"; sourceTree = "<group>"; };
		E911EF4E21D0EE0D008A7F8F /* NSString+Hash.h */ = {isa = PBXFileReference; lastKnownFileType = sourcecode.c.h; path = "NSString+Hash.h"; sourceTree = "<group>"; };
		E911EF4F21D0EE0D008A7F8F /* NSString+Hash.m */ = {isa = PBXFileReference; lastKnownFileType = sourcecode.c.objc; path = "NSString+Hash.m"; sourceTree = "<group>"; };
		E911EF5121D0FE99008A7F8F /* RssSourceUpdaterService.h */ = {isa = PBXFileReference; lastKnownFileType = sourcecode.c.h; path = RssSourceUpdaterService.h; sourceTree = "<group>"; };
		E911EF5221D0FE99008A7F8F /* RssSourceUpdaterService.m */ = {isa = PBXFileReference; lastKnownFileType = sourcecode.c.objc; path = RssSourceUpdaterService.m; sourceTree = "<group>"; };
		E911EF5A21D1010D008A7F8F /* RssItemModel.h */ = {isa = PBXFileReference; lastKnownFileType = sourcecode.c.h; path = RssItemModel.h; sourceTree = "<group>"; };
		E911EF5B21D1010D008A7F8F /* RssItemModel.m */ = {isa = PBXFileReference; lastKnownFileType = sourcecode.c.objc; path = RssItemModel.m; sourceTree = "<group>"; };
		E911EF5F21D10233008A7F8F /* RssItem+FetchRequests.h */ = {isa = PBXFileReference; lastKnownFileType = sourcecode.c.h; path = "RssItem+FetchRequests.h"; sourceTree = "<group>"; };
		E911EF6021D10233008A7F8F /* RssItem+FetchRequests.m */ = {isa = PBXFileReference; lastKnownFileType = sourcecode.c.objc; path = "RssItem+FetchRequests.m"; sourceTree = "<group>"; };
		E911EF6221D103B6008A7F8F /* RssItemsListPresenter.m */ = {isa = PBXFileReference; lastKnownFileType = sourcecode.c.objc; path = RssItemsListPresenter.m; sourceTree = "<group>"; };
		E911EF6321D103B6008A7F8F /* RssItemsListInteractor.h */ = {isa = PBXFileReference; lastKnownFileType = sourcecode.c.h; path = RssItemsListInteractor.h; sourceTree = "<group>"; };
		E911EF6421D103B6008A7F8F /* RssItemsListViewController.h */ = {isa = PBXFileReference; lastKnownFileType = sourcecode.c.h; path = RssItemsListViewController.h; sourceTree = "<group>"; };
		E911EF6521D103B6008A7F8F /* RssItemsListRouter.m */ = {isa = PBXFileReference; lastKnownFileType = sourcecode.c.objc; path = RssItemsListRouter.m; sourceTree = "<group>"; };
		E911EF6621D103B6008A7F8F /* RssItemsListProtocols.h */ = {isa = PBXFileReference; lastKnownFileType = sourcecode.c.h; path = RssItemsListProtocols.h; sourceTree = "<group>"; };
		E911EF6721D103B6008A7F8F /* RssItemsListViewController.m */ = {isa = PBXFileReference; lastKnownFileType = sourcecode.c.objc; path = RssItemsListViewController.m; sourceTree = "<group>"; };
		E911EF6821D103B6008A7F8F /* RssItemsListInteractor.m */ = {isa = PBXFileReference; lastKnownFileType = sourcecode.c.objc; path = RssItemsListInteractor.m; sourceTree = "<group>"; };
		E911EF6921D103B6008A7F8F /* RssItemsListPresenter.h */ = {isa = PBXFileReference; lastKnownFileType = sourcecode.c.h; path = RssItemsListPresenter.h; sourceTree = "<group>"; };
		E911EF6B21D103B6008A7F8F /* RssItemsListRouter.h */ = {isa = PBXFileReference; lastKnownFileType = sourcecode.c.h; path = RssItemsListRouter.h; sourceTree = "<group>"; };
		E911EF7821D1077E008A7F8F /* RssItemTableViewCell.h */ = {isa = PBXFileReference; lastKnownFileType = sourcecode.c.h; path = RssItemTableViewCell.h; sourceTree = "<group>"; };
		E911EF7921D1077E008A7F8F /* RssItemTableViewCell.m */ = {isa = PBXFileReference; lastKnownFileType = sourcecode.c.objc; path = RssItemTableViewCell.m; sourceTree = "<group>"; };
		E97495C821D24727006AF561 /* RssItem+CoreDataProperties.m */ = {isa = PBXFileReference; fileEncoding = 4; lastKnownFileType = sourcecode.c.objc; path = "RssItem+CoreDataProperties.m"; sourceTree = "<group>"; };
		E97495C921D24728006AF561 /* RssItem+CoreDataClass.h */ = {isa = PBXFileReference; fileEncoding = 4; lastKnownFileType = sourcecode.c.h; path = "RssItem+CoreDataClass.h"; sourceTree = "<group>"; };
		E97495CA21D24728006AF561 /* RssItem+CoreDataClass.m */ = {isa = PBXFileReference; fileEncoding = 4; lastKnownFileType = sourcecode.c.objc; path = "RssItem+CoreDataClass.m"; sourceTree = "<group>"; };
		E97495CB21D24728006AF561 /* RssItem+CoreDataProperties.h */ = {isa = PBXFileReference; fileEncoding = 4; lastKnownFileType = sourcecode.c.h; path = "RssItem+CoreDataProperties.h"; sourceTree = "<group>"; };
		E9CC69B721CC83E100BC205A /* RSSViewer.app */ = {isa = PBXFileReference; explicitFileType = wrapper.application; includeInIndex = 0; path = RSSViewer.app; sourceTree = BUILT_PRODUCTS_DIR; };
		E9CC69BA21CC83E100BC205A /* AppDelegate.h */ = {isa = PBXFileReference; lastKnownFileType = sourcecode.c.h; path = AppDelegate.h; sourceTree = "<group>"; };
		E9CC69BB21CC83E100BC205A /* AppDelegate.m */ = {isa = PBXFileReference; lastKnownFileType = sourcecode.c.objc; path = AppDelegate.m; sourceTree = "<group>"; };
		E9CC69C121CC83E100BC205A /* Base */ = {isa = PBXFileReference; lastKnownFileType = file.storyboard; name = Base; path = Base.lproj/Main.storyboard; sourceTree = "<group>"; };
		E9CC69C421CC83E100BC205A /* RSSViewer.xcdatamodel */ = {isa = PBXFileReference; lastKnownFileType = wrapper.xcdatamodel; path = RSSViewer.xcdatamodel; sourceTree = "<group>"; };
		E9CC69C621CC83E300BC205A /* Assets.xcassets */ = {isa = PBXFileReference; lastKnownFileType = folder.assetcatalog; path = Assets.xcassets; sourceTree = "<group>"; };
		E9CC69C921CC83E300BC205A /* Base */ = {isa = PBXFileReference; lastKnownFileType = file.storyboard; name = Base; path = Base.lproj/LaunchScreen.storyboard; sourceTree = "<group>"; };
		E9CC69CB21CC83E300BC205A /* Info.plist */ = {isa = PBXFileReference; lastKnownFileType = text.plist.xml; path = Info.plist; sourceTree = "<group>"; };
		E9CC69CC21CC83E300BC205A /* main.m */ = {isa = PBXFileReference; lastKnownFileType = sourcecode.c.objc; path = main.m; sourceTree = "<group>"; };
		E9CC69D521CC85A400BC205A /* FeedsListPresenter.m */ = {isa = PBXFileReference; lastKnownFileType = sourcecode.c.objc; path = FeedsListPresenter.m; sourceTree = "<group>"; };
		E9CC69D621CC85A400BC205A /* FeedsListInteractor.h */ = {isa = PBXFileReference; lastKnownFileType = sourcecode.c.h; path = FeedsListInteractor.h; sourceTree = "<group>"; };
		E9CC69D721CC85A400BC205A /* FeedsListViewController.h */ = {isa = PBXFileReference; lastKnownFileType = sourcecode.c.h; path = FeedsListViewController.h; sourceTree = "<group>"; };
		E9CC69D821CC85A400BC205A /* FeedsListRouter.m */ = {isa = PBXFileReference; lastKnownFileType = sourcecode.c.objc; path = FeedsListRouter.m; sourceTree = "<group>"; };
		E9CC69D921CC85A400BC205A /* FeedsListProtocols.h */ = {isa = PBXFileReference; lastKnownFileType = sourcecode.c.h; path = FeedsListProtocols.h; sourceTree = "<group>"; };
		E9CC69DA21CC85A400BC205A /* FeedsListViewController.m */ = {isa = PBXFileReference; lastKnownFileType = sourcecode.c.objc; path = FeedsListViewController.m; sourceTree = "<group>"; };
		E9CC69DB21CC85A400BC205A /* FeedsListInteractor.m */ = {isa = PBXFileReference; lastKnownFileType = sourcecode.c.objc; path = FeedsListInteractor.m; sourceTree = "<group>"; };
		E9CC69DC21CC85A400BC205A /* FeedsListPresenter.h */ = {isa = PBXFileReference; lastKnownFileType = sourcecode.c.h; path = FeedsListPresenter.h; sourceTree = "<group>"; };
		E9CC69DE21CC85A400BC205A /* FeedsListRouter.h */ = {isa = PBXFileReference; lastKnownFileType = sourcecode.c.h; path = FeedsListRouter.h; sourceTree = "<group>"; };
		E9CC69EB21CC893D00BC205A /* CoreDataManager.h */ = {isa = PBXFileReference; lastKnownFileType = sourcecode.c.h; path = CoreDataManager.h; sourceTree = "<group>"; };
		E9CC69EC21CC893D00BC205A /* CoreDataManager.m */ = {isa = PBXFileReference; lastKnownFileType = sourcecode.c.objc; path = CoreDataManager.m; sourceTree = "<group>"; };
		E9CC69FB21CC928B00BC205A /* RssSource+CoreDataClass.m */ = {isa = PBXFileReference; fileEncoding = 4; lastKnownFileType = sourcecode.c.objc; path = "RssSource+CoreDataClass.m"; sourceTree = "<group>"; };
		E9CC69FC21CC928B00BC205A /* RssSource+CoreDataProperties.m */ = {isa = PBXFileReference; fileEncoding = 4; lastKnownFileType = sourcecode.c.objc; path = "RssSource+CoreDataProperties.m"; sourceTree = "<group>"; };
		E9CC69FD21CC928B00BC205A /* RssSource+CoreDataClass.h */ = {isa = PBXFileReference; fileEncoding = 4; lastKnownFileType = sourcecode.c.h; path = "RssSource+CoreDataClass.h"; sourceTree = "<group>"; };
		E9CC69FE21CC928B00BC205A /* RssSource+CoreDataProperties.h */ = {isa = PBXFileReference; fileEncoding = 4; lastKnownFileType = sourcecode.c.h; path = "RssSource+CoreDataProperties.h"; sourceTree = "<group>"; };
		E9CC6A0221CC947A00BC205A /* FeedListTableViewCell.h */ = {isa = PBXFileReference; lastKnownFileType = sourcecode.c.h; path = FeedListTableViewCell.h; sourceTree = "<group>"; };
		E9CC6A0321CC947A00BC205A /* FeedListTableViewCell.m */ = {isa = PBXFileReference; lastKnownFileType = sourcecode.c.objc; path = FeedListTableViewCell.m; sourceTree = "<group>"; };
		E9CC6A0621CCA1C000BC205A /* CacheTrackerProtocol.h */ = {isa = PBXFileReference; lastKnownFileType = sourcecode.c.h; path = CacheTrackerProtocol.h; sourceTree = "<group>"; };
		E9CC6A0821CCA21900BC205A /* CacheRequest.h */ = {isa = PBXFileReference; lastKnownFileType = sourcecode.c.h; path = CacheRequest.h; sourceTree = "<group>"; };
		E9CC6A0921CCA21900BC205A /* CacheRequest.m */ = {isa = PBXFileReference; lastKnownFileType = sourcecode.c.objc; path = CacheRequest.m; sourceTree = "<group>"; };
		E9CC6A0B21CCA24700BC205A /* CacheTransaction.h */ = {isa = PBXFileReference; lastKnownFileType = sourcecode.c.h; path = CacheTransaction.h; sourceTree = "<group>"; };
		E9CC6A0C21CCA24700BC205A /* CacheTransaction.m */ = {isa = PBXFileReference; lastKnownFileType = sourcecode.c.objc; path = CacheTransaction.m; sourceTree = "<group>"; };
		E9CC6A0E21CCA26400BC205A /* CacheTransactionBatch.h */ = {isa = PBXFileReference; lastKnownFileType = sourcecode.c.h; path = CacheTransactionBatch.h; sourceTree = "<group>"; };
		E9CC6A0F21CCA26400BC205A /* CacheTransactionBatch.m */ = {isa = PBXFileReference; lastKnownFileType = sourcecode.c.objc; path = CacheTransactionBatch.m; sourceTree = "<group>"; };
		E9CC6A1121CCA8CD00BC205A /* CacheTracker.h */ = {isa = PBXFileReference; lastKnownFileType = sourcecode.c.h; path = CacheTracker.h; sourceTree = "<group>"; };
		E9CC6A1221CCA8CD00BC205A /* CacheTracker.m */ = {isa = PBXFileReference; lastKnownFileType = sourcecode.c.objc; path = CacheTracker.m; sourceTree = "<group>"; };
		E9CC6A1521CE7B4C00BC205A /* RssSourceModel.h */ = {isa = PBXFileReference; lastKnownFileType = sourcecode.c.h; path = RssSourceModel.h; sourceTree = "<group>"; };
		E9CC6A1621CE7B4C00BC205A /* RssSourceModel.m */ = {isa = PBXFileReference; lastKnownFileType = sourcecode.c.objc; path = RssSourceModel.m; sourceTree = "<group>"; };
		E9CC6A1821CE7BCB00BC205A /* PlainModelsFactory.h */ = {isa = PBXFileReference; lastKnownFileType = sourcecode.c.h; path = PlainModelsFactory.h; sourceTree = "<group>"; };
		E9CC6A1921CE7BCB00BC205A /* PlainModelsFactory.m */ = {isa = PBXFileReference; lastKnownFileType = sourcecode.c.objc; path = PlainModelsFactory.m; sourceTree = "<group>"; };
		E9CC6A1C21CFC5C900BC205A /* PlainModelMappable.h */ = {isa = PBXFileReference; lastKnownFileType = sourcecode.c.h; path = PlainModelMappable.h; sourceTree = "<group>"; };
		E9CC6A1D21CFD5A100BC205A /* CacheTrackingProtocol.h */ = {isa = PBXFileReference; lastKnownFileType = sourcecode.c.h; path = CacheTrackingProtocol.h; sourceTree = "<group>"; };
		E9CC6A3521D0693B00BC205A /* RssSourceEditPresenter.m */ = {isa = PBXFileReference; lastKnownFileType = sourcecode.c.objc; path = RssSourceEditPresenter.m; sourceTree = "<group>"; };
		E9CC6A3621D0693B00BC205A /* RssSourceEditInteractor.h */ = {isa = PBXFileReference; lastKnownFileType = sourcecode.c.h; path = RssSourceEditInteractor.h; sourceTree = "<group>"; };
		E9CC6A3721D0693B00BC205A /* RssSourceEditViewController.h */ = {isa = PBXFileReference; lastKnownFileType = sourcecode.c.h; path = RssSourceEditViewController.h; sourceTree = "<group>"; };
		E9CC6A3821D0693B00BC205A /* RssSourceEditRouter.m */ = {isa = PBXFileReference; lastKnownFileType = sourcecode.c.objc; path = RssSourceEditRouter.m; sourceTree = "<group>"; };
		E9CC6A3921D0693B00BC205A /* RssSourceEditProtocols.h */ = {isa = PBXFileReference; lastKnownFileType = sourcecode.c.h; path = RssSourceEditProtocols.h; sourceTree = "<group>"; };
		E9CC6A3A21D0693B00BC205A /* RssSourceEditViewController.m */ = {isa = PBXFileReference; lastKnownFileType = sourcecode.c.objc; path = RssSourceEditViewController.m; sourceTree = "<group>"; };
		E9CC6A3B21D0693B00BC205A /* RssSourceEditInteractor.m */ = {isa = PBXFileReference; lastKnownFileType = sourcecode.c.objc; path = RssSourceEditInteractor.m; sourceTree = "<group>"; };
		E9CC6A3C21D0693B00BC205A /* RssSourceEditPresenter.h */ = {isa = PBXFileReference; lastKnownFileType = sourcecode.c.h; path = RssSourceEditPresenter.h; sourceTree = "<group>"; };
		E9CC6A3E21D0693B00BC205A /* RssSourceEditRouter.h */ = {isa = PBXFileReference; lastKnownFileType = sourcecode.c.h; path = RssSourceEditRouter.h; sourceTree = "<group>"; };
		E9CC6A4A21D06F8700BC205A /* TextInputView.h */ = {isa = PBXFileReference; lastKnownFileType = sourcecode.c.h; path = TextInputView.h; sourceTree = "<group>"; };
		E9CC6A4B21D06F8700BC205A /* TextInputView.m */ = {isa = PBXFileReference; lastKnownFileType = sourcecode.c.objc; path = TextInputView.m; sourceTree = "<group>"; };
/* End PBXFileReference section */

/* Begin PBXFrameworksBuildPhase section */
		E9CC69B421CC83E100BC205A /* Frameworks */ = {
			isa = PBXFrameworksBuildPhase;
			buildActionMask = 2147483647;
			files = (
				AE9BD4C5114BDB2D2E055214 /* libPods-RSSViewer.a in Frameworks */,
			);
			runOnlyForDeploymentPostprocessing = 0;
		};
/* End PBXFrameworksBuildPhase section */

/* Begin PBXGroup section */
		43099C7D201DEA7A2DAC161A /* Pods */ = {
			isa = PBXGroup;
			children = (
				A1253D1B1B12EA300FDDEE24 /* Pods-RSSViewer.debug.xcconfig */,
				17F67B5256AC4B5008B57C1A /* Pods-RSSViewer.release.xcconfig */,
			);
			name = Pods;
			sourceTree = "<group>";
		};
		88C2BCBF4C37B71C3C5098C0 /* Frameworks */ = {
			isa = PBXGroup;
			children = (
				AA1D708DC460F0BB6040C30B /* libPods-RSSViewer.a */,
			);
			name = Frameworks;
			sourceTree = "<group>";
		};
		E911EF4321D0C503008A7F8F /* LogicLayer */ = {
			isa = PBXGroup;
			children = (
				E911EF4C21D0EDE3008A7F8F /* Utils */,
				E911EF4521D0C526008A7F8F /* Services */,
				E9CC69EA21CC892200BC205A /* CoreData */,
			);
			path = LogicLayer;
			sourceTree = "<group>";
		};
		E911EF4421D0C50E008A7F8F /* PresentationLayer */ = {
			isa = PBXGroup;
			children = (
				E9CC69D321CC854E00BC205A /* UserStories */,
				E9CC69E921CC85F800BC205A /* Storyboards */,
			);
			path = PresentationLayer;
			sourceTree = "<group>";
		};
		E911EF4521D0C526008A7F8F /* Services */ = {
			isa = PBXGroup;
			children = (
				E911EF4621D0C541008A7F8F /* RssSourcesService.h */,
				E911EF4721D0C541008A7F8F /* RssSourcesService.m */,
				E911EF5121D0FE99008A7F8F /* RssSourceUpdaterService.h */,
				E911EF5221D0FE99008A7F8F /* RssSourceUpdaterService.m */,
			);
			path = Services;
			sourceTree = "<group>";
		};
		E911EF4C21D0EDE3008A7F8F /* Utils */ = {
			isa = PBXGroup;
			children = (
				E911EF4E21D0EE0D008A7F8F /* NSString+Hash.h */,
				E911EF4F21D0EE0D008A7F8F /* NSString+Hash.m */,
			);
			path = Utils;
			sourceTree = "<group>";
		};
		E911EF5D21D10203008A7F8F /* RssSource */ = {
			isa = PBXGroup;
			children = (
				E9CC69FD21CC928B00BC205A /* RssSource+CoreDataClass.h */,
				E9CC69FB21CC928B00BC205A /* RssSource+CoreDataClass.m */,
				E9CC69FE21CC928B00BC205A /* RssSource+CoreDataProperties.h */,
				E9CC69FC21CC928B00BC205A /* RssSource+CoreDataProperties.m */,
				E911EF4921D0C759008A7F8F /* RssSource+FetchRequests.h */,
				E911EF4A21D0C76F008A7F8F /* RssSource+FetchRequests.m */,
			);
			path = RssSource;
			sourceTree = "<group>";
		};
		E911EF5E21D1020F008A7F8F /* RssItem */ = {
			isa = PBXGroup;
			children = (
				E97495C921D24728006AF561 /* RssItem+CoreDataClass.h */,
				E97495CA21D24728006AF561 /* RssItem+CoreDataClass.m */,
				E97495CB21D24728006AF561 /* RssItem+CoreDataProperties.h */,
				E97495C821D24727006AF561 /* RssItem+CoreDataProperties.m */,
				E911EF5F21D10233008A7F8F /* RssItem+FetchRequests.h */,
				E911EF6021D10233008A7F8F /* RssItem+FetchRequests.m */,
			);
			path = RssItem;
			sourceTree = "<group>";
		};
		E911EF7121D103BA008A7F8F /* Rss Items List */ = {
			isa = PBXGroup;
			children = (
				E911EF7621D103DD008A7F8F /* Protocols */,
				E911EF7521D103D8008A7F8F /* Interactor */,
				E911EF7421D103D5008A7F8F /* Router */,
				E911EF7321D103D1008A7F8F /* Presenter */,
				E911EF7221D103CD008A7F8F /* View */,
			);
			path = "Rss Items List";
			sourceTree = "<group>";
		};
		E911EF7221D103CD008A7F8F /* View */ = {
			isa = PBXGroup;
			children = (
				E911EF7721D10768008A7F8F /* Cells */,
				E911EF6421D103B6008A7F8F /* RssItemsListViewController.h */,
				E911EF6721D103B6008A7F8F /* RssItemsListViewController.m */,
			);
			path = View;
			sourceTree = "<group>";
		};
		E911EF7321D103D1008A7F8F /* Presenter */ = {
			isa = PBXGroup;
			children = (
				E911EF6921D103B6008A7F8F /* RssItemsListPresenter.h */,
				E911EF6221D103B6008A7F8F /* RssItemsListPresenter.m */,
			);
			path = Presenter;
			sourceTree = "<group>";
		};
		E911EF7421D103D5008A7F8F /* Router */ = {
			isa = PBXGroup;
			children = (
				E911EF6B21D103B6008A7F8F /* RssItemsListRouter.h */,
				E911EF6521D103B6008A7F8F /* RssItemsListRouter.m */,
			);
			path = Router;
			sourceTree = "<group>";
		};
		E911EF7521D103D8008A7F8F /* Interactor */ = {
			isa = PBXGroup;
			children = (
				E911EF6321D103B6008A7F8F /* RssItemsListInteractor.h */,
				E911EF6821D103B6008A7F8F /* RssItemsListInteractor.m */,
			);
			path = Interactor;
			sourceTree = "<group>";
		};
		E911EF7621D103DD008A7F8F /* Protocols */ = {
			isa = PBXGroup;
			children = (
				E911EF6621D103B6008A7F8F /* RssItemsListProtocols.h */,
			);
			path = Protocols;
			sourceTree = "<group>";
		};
		E911EF7721D10768008A7F8F /* Cells */ = {
			isa = PBXGroup;
			children = (
				E911EF7821D1077E008A7F8F /* RssItemTableViewCell.h */,
				E911EF7921D1077E008A7F8F /* RssItemTableViewCell.m */,
			);
			path = Cells;
			sourceTree = "<group>";
		};
		E9CC69AE21CC83E100BC205A = {
			isa = PBXGroup;
			children = (
				E9CC69B921CC83E100BC205A /* RSSViewer */,
				E9CC69B821CC83E100BC205A /* Products */,
				43099C7D201DEA7A2DAC161A /* Pods */,
				88C2BCBF4C37B71C3C5098C0 /* Frameworks */,
			);
			sourceTree = "<group>";
		};
		E9CC69B821CC83E100BC205A /* Products */ = {
			isa = PBXGroup;
			children = (
				E9CC69B721CC83E100BC205A /* RSSViewer.app */,
			);
			name = Products;
			sourceTree = "<group>";
		};
		E9CC69B921CC83E100BC205A /* RSSViewer */ = {
			isa = PBXGroup;
			children = (
				E911EF4421D0C50E008A7F8F /* PresentationLayer */,
				E911EF4321D0C503008A7F8F /* LogicLayer */,
				E9CC6A1E21D0670C00BC205A /* Resources */,
				E9CC69BA21CC83E100BC205A /* AppDelegate.h */,
				E9CC69BB21CC83E100BC205A /* AppDelegate.m */,
				E9CC69CB21CC83E300BC205A /* Info.plist */,
				E9CC69CC21CC83E300BC205A /* main.m */,
			);
			path = RSSViewer;
			sourceTree = "<group>";
		};
		E9CC69D321CC854E00BC205A /* UserStories */ = {
			isa = PBXGroup;
			children = (
				E911EF7121D103BA008A7F8F /* Rss Items List */,
				E9CC6A3421D0691E00BC205A /* Rss Source Edit */,
				E9CC69D421CC859000BC205A /* Feeds List */,
			);
			path = UserStories;
			sourceTree = "<group>";
		};
		E9CC69D421CC859000BC205A /* Feeds List */ = {
			isa = PBXGroup;
			children = (
				E9CC69E721CC85E600BC205A /* Protocols */,
				E9CC69E821CC85EF00BC205A /* Interactor */,
				E9CC69E621CC85DC00BC205A /* Router */,
				E9CC69E521CC85CF00BC205A /* Presenter */,
				E9CC69E421CC85C100BC205A /* View */,
			);
			path = "Feeds List";
			sourceTree = "<group>";
		};
		E9CC69E421CC85C100BC205A /* View */ = {
			isa = PBXGroup;
			children = (
				E9CC6A0121CC946600BC205A /* Cells */,
				E9CC69D721CC85A400BC205A /* FeedsListViewController.h */,
				E9CC69DA21CC85A400BC205A /* FeedsListViewController.m */,
			);
			path = View;
			sourceTree = "<group>";
		};
		E9CC69E521CC85CF00BC205A /* Presenter */ = {
			isa = PBXGroup;
			children = (
				E9CC69DC21CC85A400BC205A /* FeedsListPresenter.h */,
				E9CC69D521CC85A400BC205A /* FeedsListPresenter.m */,
			);
			path = Presenter;
			sourceTree = "<group>";
		};
		E9CC69E621CC85DC00BC205A /* Router */ = {
			isa = PBXGroup;
			children = (
				E9CC69DE21CC85A400BC205A /* FeedsListRouter.h */,
				E9CC69D821CC85A400BC205A /* FeedsListRouter.m */,
			);
			path = Router;
			sourceTree = "<group>";
		};
		E9CC69E721CC85E600BC205A /* Protocols */ = {
			isa = PBXGroup;
			children = (
				E9CC69D921CC85A400BC205A /* FeedsListProtocols.h */,
			);
			path = Protocols;
			sourceTree = "<group>";
		};
		E9CC69E821CC85EF00BC205A /* Interactor */ = {
			isa = PBXGroup;
			children = (
				E9CC69D621CC85A400BC205A /* FeedsListInteractor.h */,
				E9CC69DB21CC85A400BC205A /* FeedsListInteractor.m */,
			);
			path = Interactor;
			sourceTree = "<group>";
		};
		E9CC69E921CC85F800BC205A /* Storyboards */ = {
			isa = PBXGroup;
			children = (
				E9CC69C821CC83E300BC205A /* LaunchScreen.storyboard */,
				E9CC69C021CC83E100BC205A /* Main.storyboard */,
			);
			path = Storyboards;
			sourceTree = "<group>";
		};
		E9CC69EA21CC892200BC205A /* CoreData */ = {
			isa = PBXGroup;
			children = (
				E9CC69C321CC83E100BC205A /* RSSViewer.xcdatamodeld */,
				E9CC6A1421CE7AEB00BC205A /* Plain Models */,
				E9CC69EE21CC922800BC205A /* Core Data Models */,
				E9CC6A0721CCA20300BC205A /* Cache Trackers */,
				E9CC69EB21CC893D00BC205A /* CoreDataManager.h */,
				E9CC69EC21CC893D00BC205A /* CoreDataManager.m */,
			);
			path = CoreData;
			sourceTree = "<group>";
		};
		E9CC69EE21CC922800BC205A /* Core Data Models */ = {
			isa = PBXGroup;
			children = (
				E911EF5E21D1020F008A7F8F /* RssItem */,
				E911EF5D21D10203008A7F8F /* RssSource */,
			);
			path = "Core Data Models";
			sourceTree = "<group>";
		};
		E9CC6A0121CC946600BC205A /* Cells */ = {
			isa = PBXGroup;
			children = (
				E9CC6A0221CC947A00BC205A /* FeedListTableViewCell.h */,
				E9CC6A0321CC947A00BC205A /* FeedListTableViewCell.m */,
			);
			path = Cells;
			sourceTree = "<group>";
		};
		E9CC6A0521CCA1B100BC205A /* Protocols */ = {
			isa = PBXGroup;
			children = (
				E9CC6A0621CCA1C000BC205A /* CacheTrackerProtocol.h */,
				E9CC6A1D21CFD5A100BC205A /* CacheTrackingProtocol.h */,
			);
			path = Protocols;
			sourceTree = "<group>";
		};
		E9CC6A0721CCA20300BC205A /* Cache Trackers */ = {
			isa = PBXGroup;
			children = (
				E9CC6A0521CCA1B100BC205A /* Protocols */,
				E9CC6A0821CCA21900BC205A /* CacheRequest.h */,
				E9CC6A0921CCA21900BC205A /* CacheRequest.m */,
				E9CC6A0B21CCA24700BC205A /* CacheTransaction.h */,
				E9CC6A0C21CCA24700BC205A /* CacheTransaction.m */,
				E9CC6A0E21CCA26400BC205A /* CacheTransactionBatch.h */,
				E9CC6A0F21CCA26400BC205A /* CacheTransactionBatch.m */,
				E9CC6A1121CCA8CD00BC205A /* CacheTracker.h */,
				E9CC6A1221CCA8CD00BC205A /* CacheTracker.m */,
			);
			path = "Cache Trackers";
			sourceTree = "<group>";
		};
		E9CC6A1421CE7AEB00BC205A /* Plain Models */ = {
			isa = PBXGroup;
			children = (
				E9CC6A1B21CFC5B100BC205A /* Protocols */,
				E9CC6A1521CE7B4C00BC205A /* RssSourceModel.h */,
				E9CC6A1621CE7B4C00BC205A /* RssSourceModel.m */,
				E911EF5A21D1010D008A7F8F /* RssItemModel.h */,
				E911EF5B21D1010D008A7F8F /* RssItemModel.m */,
				E9CC6A1821CE7BCB00BC205A /* PlainModelsFactory.h */,
				E9CC6A1921CE7BCB00BC205A /* PlainModelsFactory.m */,
			);
			path = "Plain Models";
			sourceTree = "<group>";
		};
		E9CC6A1B21CFC5B100BC205A /* Protocols */ = {
			isa = PBXGroup;
			children = (
				E9CC6A1C21CFC5C900BC205A /* PlainModelMappable.h */,
			);
			path = Protocols;
			sourceTree = "<group>";
		};
		E9CC6A1E21D0670C00BC205A /* Resources */ = {
			isa = PBXGroup;
			children = (
				E9CC69C621CC83E300BC205A /* Assets.xcassets */,
			);
			path = Resources;
			sourceTree = "<group>";
		};
		E9CC6A3421D0691E00BC205A /* Rss Source Edit */ = {
			isa = PBXGroup;
			children = (
				E9CC6A4821D0694E00BC205A /* Protocols */,
				E9CC6A4721D0694A00BC205A /* Interactor */,
				E9CC6A4621D0694600BC205A /* Router */,
				E9CC6A4521D0694200BC205A /* Presenter */,
				E9CC6A4421D0693E00BC205A /* View */,
			);
			path = "Rss Source Edit";
			sourceTree = "<group>";
		};
		E9CC6A4421D0693E00BC205A /* View */ = {
			isa = PBXGroup;
			children = (
				E9CC6A4921D06F7400BC205A /* Views */,
				E9CC6A3721D0693B00BC205A /* RssSourceEditViewController.h */,
				E9CC6A3A21D0693B00BC205A /* RssSourceEditViewController.m */,
			);
			path = View;
			sourceTree = "<group>";
		};
		E9CC6A4521D0694200BC205A /* Presenter */ = {
			isa = PBXGroup;
			children = (
				E9CC6A3C21D0693B00BC205A /* RssSourceEditPresenter.h */,
				E9CC6A3521D0693B00BC205A /* RssSourceEditPresenter.m */,
			);
			path = Presenter;
			sourceTree = "<group>";
		};
		E9CC6A4621D0694600BC205A /* Router */ = {
			isa = PBXGroup;
			children = (
				E9CC6A3E21D0693B00BC205A /* RssSourceEditRouter.h */,
				E9CC6A3821D0693B00BC205A /* RssSourceEditRouter.m */,
			);
			path = Router;
			sourceTree = "<group>";
		};
		E9CC6A4721D0694A00BC205A /* Interactor */ = {
			isa = PBXGroup;
			children = (
				E9CC6A3621D0693B00BC205A /* RssSourceEditInteractor.h */,
				E9CC6A3B21D0693B00BC205A /* RssSourceEditInteractor.m */,
			);
			path = Interactor;
			sourceTree = "<group>";
		};
		E9CC6A4821D0694E00BC205A /* Protocols */ = {
			isa = PBXGroup;
			children = (
				E9CC6A3921D0693B00BC205A /* RssSourceEditProtocols.h */,
			);
			path = Protocols;
			sourceTree = "<group>";
		};
		E9CC6A4921D06F7400BC205A /* Views */ = {
			isa = PBXGroup;
			children = (
				E9CC6A4A21D06F8700BC205A /* TextInputView.h */,
				E9CC6A4B21D06F8700BC205A /* TextInputView.m */,
			);
			path = Views;
			sourceTree = "<group>";
		};
/* End PBXGroup section */

/* Begin PBXNativeTarget section */
		E9CC69B621CC83E100BC205A /* RSSViewer */ = {
			isa = PBXNativeTarget;
			buildConfigurationList = E9CC69D021CC83E300BC205A /* Build configuration list for PBXNativeTarget "RSSViewer" */;
			buildPhases = (
				61B4F90A8201A7ED6172DAB3 /* [CP] Check Pods Manifest.lock */,
				E9CC69B321CC83E100BC205A /* Sources */,
				E9CC69B421CC83E100BC205A /* Frameworks */,
				E9CC69B521CC83E100BC205A /* Resources */,
			);
			buildRules = (
			);
			dependencies = (
			);
			name = RSSViewer;
			productName = RSSViewer;
			productReference = E9CC69B721CC83E100BC205A /* RSSViewer.app */;
			productType = "com.apple.product-type.application";
		};
/* End PBXNativeTarget section */

/* Begin PBXProject section */
		E9CC69AF21CC83E100BC205A /* Project object */ = {
			isa = PBXProject;
			attributes = {
				LastUpgradeCheck = 1010;
				ORGANIZATIONNAME = "Denis Skripnichenko";
				TargetAttributes = {
					E9CC69B621CC83E100BC205A = {
						CreatedOnToolsVersion = 10.1;
					};
				};
			};
			buildConfigurationList = E9CC69B221CC83E100BC205A /* Build configuration list for PBXProject "RSSViewer" */;
			compatibilityVersion = "Xcode 9.3";
			developmentRegion = en;
			hasScannedForEncodings = 0;
			knownRegions = (
				en,
				Base,
			);
			mainGroup = E9CC69AE21CC83E100BC205A;
			productRefGroup = E9CC69B821CC83E100BC205A /* Products */;
			projectDirPath = "";
			projectRoot = "";
			targets = (
				E9CC69B621CC83E100BC205A /* RSSViewer */,
			);
		};
/* End PBXProject section */

/* Begin PBXResourcesBuildPhase section */
		E9CC69B521CC83E100BC205A /* Resources */ = {
			isa = PBXResourcesBuildPhase;
			buildActionMask = 2147483647;
			files = (
				E9CC69CA21CC83E300BC205A /* LaunchScreen.storyboard in Resources */,
				E9CC69C721CC83E300BC205A /* Assets.xcassets in Resources */,
				E9CC69C221CC83E100BC205A /* Main.storyboard in Resources */,
			);
			runOnlyForDeploymentPostprocessing = 0;
		};
/* End PBXResourcesBuildPhase section */

/* Begin PBXShellScriptBuildPhase section */
		61B4F90A8201A7ED6172DAB3 /* [CP] Check Pods Manifest.lock */ = {
			isa = PBXShellScriptBuildPhase;
			buildActionMask = 2147483647;
			files = (
			);
			inputFileListPaths = (
			);
			inputPaths = (
				"${PODS_PODFILE_DIR_PATH}/Podfile.lock",
				"${PODS_ROOT}/Manifest.lock",
			);
			name = "[CP] Check Pods Manifest.lock";
			outputFileListPaths = (
			);
			outputPaths = (
				"$(DERIVED_FILE_DIR)/Pods-RSSViewer-checkManifestLockResult.txt",
			);
			runOnlyForDeploymentPostprocessing = 0;
			shellPath = /bin/sh;
			shellScript = "diff \"${PODS_PODFILE_DIR_PATH}/Podfile.lock\" \"${PODS_ROOT}/Manifest.lock\" > /dev/null\nif [ $? != 0 ] ; then\n    # print error to STDERR\n    echo \"error: The sandbox is not in sync with the Podfile.lock. Run 'pod install' or update your CocoaPods installation.\" >&2\n    exit 1\nfi\n# This output is used by Xcode 'outputs' to avoid re-running this script phase.\necho \"SUCCESS\" > \"${SCRIPT_OUTPUT_FILE_0}\"\n";
			showEnvVarsInLog = 0;
		};
/* End PBXShellScriptBuildPhase section */

/* Begin PBXSourcesBuildPhase section */
		E9CC69B321CC83E100BC205A /* Sources */ = {
			isa = PBXSourcesBuildPhase;
			buildActionMask = 2147483647;
			files = (
				E911EF6C21D103B6008A7F8F /* RssItemsListPresenter.m in Sources */,
				E911EF5C21D1010D008A7F8F /* RssItemModel.m in Sources */,
				E911EF7A21D1077E008A7F8F /* RssItemTableViewCell.m in Sources */,
				E9CC6A0D21CCA24700BC205A /* CacheTransaction.m in Sources */,
				E9CC6A0421CC947A00BC205A /* FeedListTableViewCell.m in Sources */,
				E9CC6A0021CC928C00BC205A /* RssSource+CoreDataProperties.m in Sources */,
				E9CC69FF21CC928C00BC205A /* RssSource+CoreDataClass.m in Sources */,
				E911EF6F21D103B6008A7F8F /* RssItemsListInteractor.m in Sources */,
				E97495CD21D24729006AF561 /* RssItem+CoreDataClass.m in Sources */,
				E9CC6A0A21CCA21900BC205A /* CacheRequest.m in Sources */,
				E9CC69DF21CC85A400BC205A /* FeedsListPresenter.m in Sources */,
				E911EF5021D0EE0D008A7F8F /* NSString+Hash.m in Sources */,
				E9CC6A1A21CE7BCB00BC205A /* PlainModelsFactory.m in Sources */,
				E911EF6D21D103B6008A7F8F /* RssItemsListRouter.m in Sources */,
				E911EF5321D0FE99008A7F8F /* RssSourceUpdaterService.m in Sources */,
				E9CC69E121CC85A400BC205A /* FeedsListViewController.m in Sources */,
				E9CC69ED21CC893D00BC205A /* CoreDataManager.m in Sources */,
				E911EF6121D10233008A7F8F /* RssItem+FetchRequests.m in Sources */,
				E9CC6A4221D0693B00BC205A /* RssSourceEditInteractor.m in Sources */,
				E911EF4821D0C541008A7F8F /* RssSourcesService.m in Sources */,
				E911EF6E21D103B6008A7F8F /* RssItemsListViewController.m in Sources */,
				E9CC69E021CC85A400BC205A /* FeedsListRouter.m in Sources */,
				E9CC6A4121D0693B00BC205A /* RssSourceEditViewController.m in Sources */,
				E9CC6A1721CE7B4C00BC205A /* RssSourceModel.m in Sources */,
				E9CC6A4021D0693B00BC205A /* RssSourceEditRouter.m in Sources */,
				E911EF4B21D0C76F008A7F8F /* RssSource+FetchRequests.m in Sources */,
				E97495CC21D24729006AF561 /* RssItem+CoreDataProperties.m in Sources */,
				E9CC69C521CC83E100BC205A /* RSSViewer.xcdatamodeld in Sources */,
				E9CC69CD21CC83E300BC205A /* main.m in Sources */,
				E9CC6A1321CCA8CD00BC205A /* CacheTracker.m in Sources */,
				E9CC6A1021CCA26400BC205A /* CacheTransactionBatch.m in Sources */,
				E9CC69E221CC85A400BC205A /* FeedsListInteractor.m in Sources */,
				E9CC69BC21CC83E100BC205A /* AppDelegate.m in Sources */,
				E9CC6A4C21D06F8700BC205A /* TextInputView.m in Sources */,
				E9CC6A3F21D0693B00BC205A /* RssSourceEditPresenter.m in Sources */,
			);
			runOnlyForDeploymentPostprocessing = 0;
		};
/* End PBXSourcesBuildPhase section */

/* Begin PBXVariantGroup section */
		E9CC69C021CC83E100BC205A /* Main.storyboard */ = {
			isa = PBXVariantGroup;
			children = (
				E9CC69C121CC83E100BC205A /* Base */,
			);
			name = Main.storyboard;
			sourceTree = "<group>";
		};
		E9CC69C821CC83E300BC205A /* LaunchScreen.storyboard */ = {
			isa = PBXVariantGroup;
			children = (
				E9CC69C921CC83E300BC205A /* Base */,
			);
			name = LaunchScreen.storyboard;
			sourceTree = "<group>";
		};
/* End PBXVariantGroup section */

/* Begin XCBuildConfiguration section */
		E9CC69CE21CC83E300BC205A /* Debug */ = {
			isa = XCBuildConfiguration;
			buildSettings = {
				ALWAYS_SEARCH_USER_PATHS = NO;
				CLANG_ANALYZER_NONNULL = YES;
				CLANG_ANALYZER_NUMBER_OBJECT_CONVERSION = YES_AGGRESSIVE;
				CLANG_CXX_LANGUAGE_STANDARD = "gnu++14";
				CLANG_CXX_LIBRARY = "libc++";
				CLANG_ENABLE_MODULES = YES;
				CLANG_ENABLE_OBJC_ARC = YES;
				CLANG_ENABLE_OBJC_WEAK = YES;
				CLANG_WARN_BLOCK_CAPTURE_AUTORELEASING = YES;
				CLANG_WARN_BOOL_CONVERSION = YES;
				CLANG_WARN_COMMA = YES;
				CLANG_WARN_CONSTANT_CONVERSION = YES;
				CLANG_WARN_DEPRECATED_OBJC_IMPLEMENTATIONS = YES;
				CLANG_WARN_DIRECT_OBJC_ISA_USAGE = YES_ERROR;
				CLANG_WARN_DOCUMENTATION_COMMENTS = YES;
				CLANG_WARN_EMPTY_BODY = YES;
				CLANG_WARN_ENUM_CONVERSION = YES;
				CLANG_WARN_INFINITE_RECURSION = YES;
				CLANG_WARN_INT_CONVERSION = YES;
				CLANG_WARN_NON_LITERAL_NULL_CONVERSION = YES;
				CLANG_WARN_OBJC_IMPLICIT_RETAIN_SELF = YES;
				CLANG_WARN_OBJC_LITERAL_CONVERSION = YES;
				CLANG_WARN_OBJC_ROOT_CLASS = YES_ERROR;
				CLANG_WARN_RANGE_LOOP_ANALYSIS = YES;
				CLANG_WARN_STRICT_PROTOTYPES = YES;
				CLANG_WARN_SUSPICIOUS_MOVE = YES;
				CLANG_WARN_UNGUARDED_AVAILABILITY = YES_AGGRESSIVE;
				CLANG_WARN_UNREACHABLE_CODE = YES;
				CLANG_WARN__DUPLICATE_METHOD_MATCH = YES;
				CODE_SIGN_IDENTITY = "iPhone Developer";
				COPY_PHASE_STRIP = NO;
				DEBUG_INFORMATION_FORMAT = dwarf;
				ENABLE_STRICT_OBJC_MSGSEND = YES;
				ENABLE_TESTABILITY = YES;
				GCC_C_LANGUAGE_STANDARD = gnu11;
				GCC_DYNAMIC_NO_PIC = NO;
				GCC_NO_COMMON_BLOCKS = YES;
				GCC_OPTIMIZATION_LEVEL = 0;
				GCC_PREPROCESSOR_DEFINITIONS = (
					"DEBUG=1",
					"$(inherited)",
				);
				GCC_WARN_64_TO_32_BIT_CONVERSION = YES;
				GCC_WARN_ABOUT_RETURN_TYPE = YES_ERROR;
				GCC_WARN_UNDECLARED_SELECTOR = YES;
				GCC_WARN_UNINITIALIZED_AUTOS = YES_AGGRESSIVE;
				GCC_WARN_UNUSED_FUNCTION = YES;
				GCC_WARN_UNUSED_VARIABLE = YES;
				IPHONEOS_DEPLOYMENT_TARGET = 12.1;
				MTL_ENABLE_DEBUG_INFO = INCLUDE_SOURCE;
				MTL_FAST_MATH = YES;
				ONLY_ACTIVE_ARCH = YES;
				SDKROOT = iphoneos;
			};
			name = Debug;
		};
		E9CC69CF21CC83E300BC205A /* Release */ = {
			isa = XCBuildConfiguration;
			buildSettings = {
				ALWAYS_SEARCH_USER_PATHS = NO;
				CLANG_ANALYZER_NONNULL = YES;
				CLANG_ANALYZER_NUMBER_OBJECT_CONVERSION = YES_AGGRESSIVE;
				CLANG_CXX_LANGUAGE_STANDARD = "gnu++14";
				CLANG_CXX_LIBRARY = "libc++";
				CLANG_ENABLE_MODULES = YES;
				CLANG_ENABLE_OBJC_ARC = YES;
				CLANG_ENABLE_OBJC_WEAK = YES;
				CLANG_WARN_BLOCK_CAPTURE_AUTORELEASING = YES;
				CLANG_WARN_BOOL_CONVERSION = YES;
				CLANG_WARN_COMMA = YES;
				CLANG_WARN_CONSTANT_CONVERSION = YES;
				CLANG_WARN_DEPRECATED_OBJC_IMPLEMENTATIONS = YES;
				CLANG_WARN_DIRECT_OBJC_ISA_USAGE = YES_ERROR;
				CLANG_WARN_DOCUMENTATION_COMMENTS = YES;
				CLANG_WARN_EMPTY_BODY = YES;
				CLANG_WARN_ENUM_CONVERSION = YES;
				CLANG_WARN_INFINITE_RECURSION = YES;
				CLANG_WARN_INT_CONVERSION = YES;
				CLANG_WARN_NON_LITERAL_NULL_CONVERSION = YES;
				CLANG_WARN_OBJC_IMPLICIT_RETAIN_SELF = YES;
				CLANG_WARN_OBJC_LITERAL_CONVERSION = YES;
				CLANG_WARN_OBJC_ROOT_CLASS = YES_ERROR;
				CLANG_WARN_RANGE_LOOP_ANALYSIS = YES;
				CLANG_WARN_STRICT_PROTOTYPES = YES;
				CLANG_WARN_SUSPICIOUS_MOVE = YES;
				CLANG_WARN_UNGUARDED_AVAILABILITY = YES_AGGRESSIVE;
				CLANG_WARN_UNREACHABLE_CODE = YES;
				CLANG_WARN__DUPLICATE_METHOD_MATCH = YES;
				CODE_SIGN_IDENTITY = "iPhone Developer";
				COPY_PHASE_STRIP = NO;
				DEBUG_INFORMATION_FORMAT = "dwarf-with-dsym";
				ENABLE_NS_ASSERTIONS = NO;
				ENABLE_STRICT_OBJC_MSGSEND = YES;
				GCC_C_LANGUAGE_STANDARD = gnu11;
				GCC_NO_COMMON_BLOCKS = YES;
				GCC_WARN_64_TO_32_BIT_CONVERSION = YES;
				GCC_WARN_ABOUT_RETURN_TYPE = YES_ERROR;
				GCC_WARN_UNDECLARED_SELECTOR = YES;
				GCC_WARN_UNINITIALIZED_AUTOS = YES_AGGRESSIVE;
				GCC_WARN_UNUSED_FUNCTION = YES;
				GCC_WARN_UNUSED_VARIABLE = YES;
				IPHONEOS_DEPLOYMENT_TARGET = 12.1;
				MTL_ENABLE_DEBUG_INFO = NO;
				MTL_FAST_MATH = YES;
				SDKROOT = iphoneos;
				VALIDATE_PRODUCT = YES;
			};
			name = Release;
		};
		E9CC69D121CC83E300BC205A /* Debug */ = {
			isa = XCBuildConfiguration;
			baseConfigurationReference = A1253D1B1B12EA300FDDEE24 /* Pods-RSSViewer.debug.xcconfig */;
			buildSettings = {
				ASSETCATALOG_COMPILER_APPICON_NAME = AppIcon;
				CODE_SIGN_STYLE = Automatic;
				INFOPLIST_FILE = RSSViewer/Info.plist;
				LD_RUNPATH_SEARCH_PATHS = (
					"$(inherited)",
					"@executable_path/Frameworks",
				);
				PRODUCT_BUNDLE_IDENTIFIER = DS.RSSViewer;
				PRODUCT_NAME = "$(TARGET_NAME)";
				TARGETED_DEVICE_FAMILY = "1,2";
			};
			name = Debug;
		};
		E9CC69D221CC83E300BC205A /* Release */ = {
			isa = XCBuildConfiguration;
			baseConfigurationReference = 17F67B5256AC4B5008B57C1A /* Pods-RSSViewer.release.xcconfig */;
			buildSettings = {
				ASSETCATALOG_COMPILER_APPICON_NAME = AppIcon;
				CODE_SIGN_STYLE = Automatic;
				INFOPLIST_FILE = RSSViewer/Info.plist;
				LD_RUNPATH_SEARCH_PATHS = (
					"$(inherited)",
					"@executable_path/Frameworks",
				);
				PRODUCT_BUNDLE_IDENTIFIER = DS.RSSViewer;
				PRODUCT_NAME = "$(TARGET_NAME)";
				TARGETED_DEVICE_FAMILY = "1,2";
			};
			name = Release;
		};
/* End XCBuildConfiguration section */

/* Begin XCConfigurationList section */
		E9CC69B221CC83E100BC205A /* Build configuration list for PBXProject "RSSViewer" */ = {
			isa = XCConfigurationList;
			buildConfigurations = (
				E9CC69CE21CC83E300BC205A /* Debug */,
				E9CC69CF21CC83E300BC205A /* Release */,
			);
			defaultConfigurationIsVisible = 0;
			defaultConfigurationName = Release;
		};
		E9CC69D021CC83E300BC205A /* Build configuration list for PBXNativeTarget "RSSViewer" */ = {
			isa = XCConfigurationList;
			buildConfigurations = (
				E9CC69D121CC83E300BC205A /* Debug */,
				E9CC69D221CC83E300BC205A /* Release */,
			);
			defaultConfigurationIsVisible = 0;
			defaultConfigurationName = Release;
		};
/* End XCConfigurationList section */

/* Begin XCVersionGroup section */
		E9CC69C321CC83E100BC205A /* RSSViewer.xcdatamodeld */ = {
			isa = XCVersionGroup;
			children = (
				E9CC69C421CC83E100BC205A /* RSSViewer.xcdatamodel */,
			);
			currentVersion = E9CC69C421CC83E100BC205A /* RSSViewer.xcdatamodel */;
			path = RSSViewer.xcdatamodeld;
			sourceTree = "<group>";
			versionGroupType = wrapper.xcdatamodel;
		};
/* End XCVersionGroup section */
	};
	rootObject = E9CC69AF21CC83E100BC205A /* Project object */;
}
